// !$*UTF8*$!
{
	archiveVersion = 1;
	classes = {
	};
	objectVersion = 56;
	objects = {

/* Begin PBXBuildFile section */
		0AAF02DE2A5291CA00924CE0 /* TabBarController.swift in Sources */ = {isa = PBXBuildFile; fileRef = 0AAF02DD2A5291CA00924CE0 /* TabBarController.swift */; };
		0AAF02E42A52967C00924CE0 /* ProfileViewController.swift in Sources */ = {isa = PBXBuildFile; fileRef = 0AAF02E32A52967C00924CE0 /* ProfileViewController.swift */; };
		0AAF02E62A5296AD00924CE0 /* CatalogViewController.swift in Sources */ = {isa = PBXBuildFile; fileRef = 0AAF02E52A5296AD00924CE0 /* CatalogViewController.swift */; };
		0AAF02E82A5296C200924CE0 /* CartViewController.swift in Sources */ = {isa = PBXBuildFile; fileRef = 0AAF02E72A5296C200924CE0 /* CartViewController.swift */; };
		0AAF02EA2A5296DB00924CE0 /* StatsViewController.swift in Sources */ = {isa = PBXBuildFile; fileRef = 0AAF02E92A5296DB00924CE0 /* StatsViewController.swift */; };
		0AAF02EC2A5297AD00924CE0 /* ProfilePresenter.swift in Sources */ = {isa = PBXBuildFile; fileRef = 0AAF02EB2A5297AD00924CE0 /* ProfilePresenter.swift */; };
		0AAF02EE2A5297E300924CE0 /* ProfileViewProtocol.swift in Sources */ = {isa = PBXBuildFile; fileRef = 0AAF02ED2A5297E300924CE0 /* ProfileViewProtocol.swift */; };
		0AAF02F02A5297F100924CE0 /* ProfilePresenterProtocol.swift in Sources */ = {isa = PBXBuildFile; fileRef = 0AAF02EF2A5297F100924CE0 /* ProfilePresenterProtocol.swift */; };
		0AAF02F42A5299BB00924CE0 /* ScreenFactory.swift in Sources */ = {isa = PBXBuildFile; fileRef = 0AAF02F32A5299BB00924CE0 /* ScreenFactory.swift */; };
		0AAF03022A529E5800924CE0 /* CartPresenterProtocol.swift in Sources */ = {isa = PBXBuildFile; fileRef = 0AAF03012A529E5800924CE0 /* CartPresenterProtocol.swift */; };
		0AAF03042A529E7100924CE0 /* CartPresenter.swift in Sources */ = {isa = PBXBuildFile; fileRef = 0AAF03032A529E7100924CE0 /* CartPresenter.swift */; };
		0AAF03062A529E9D00924CE0 /* CartViewProtocol.swift in Sources */ = {isa = PBXBuildFile; fileRef = 0AAF03052A529E9D00924CE0 /* CartViewProtocol.swift */; };
		0AAF03082A529EF300924CE0 /* StatsPresenter.swift in Sources */ = {isa = PBXBuildFile; fileRef = 0AAF03072A529EF300924CE0 /* StatsPresenter.swift */; };
		0AAF030A2A529EFA00924CE0 /* StatsPresenterProtocol.swift in Sources */ = {isa = PBXBuildFile; fileRef = 0AAF03092A529EFA00924CE0 /* StatsPresenterProtocol.swift */; };
		0AAF030C2A529F0900924CE0 /* StatsViewProtocol.swift in Sources */ = {isa = PBXBuildFile; fileRef = 0AAF030B2A529F0900924CE0 /* StatsViewProtocol.swift */; };
		0AAF030E2A529FAC00924CE0 /* ScreenFactoryProtocol.swift in Sources */ = {isa = PBXBuildFile; fileRef = 0AAF030D2A529FAC00924CE0 /* ScreenFactoryProtocol.swift */; };
		2958DA972A64D4D2001D4B5A /* CatalogueDataProvider.swift in Sources */ = {isa = PBXBuildFile; fileRef = 2958DA962A64D4D2001D4B5A /* CatalogueDataProvider.swift */; };
		2958DAA02A64FAA0001D4B5A /* CollectionNFTCell.swift in Sources */ = {isa = PBXBuildFile; fileRef = 2958DA9F2A64FAA0001D4B5A /* CollectionNFTCell.swift */; };
		2958DAA22A64FC36001D4B5A /* RatingStackView.swift in Sources */ = {isa = PBXBuildFile; fileRef = 2958DAA12A64FC36001D4B5A /* RatingStackView.swift */; };
		2958DAA42A64FD0C001D4B5A /* AuthorViewController.swift in Sources */ = {isa = PBXBuildFile; fileRef = 2958DAA32A64FD0C001D4B5A /* AuthorViewController.swift */; };
		2958DAA62A650302001D4B5A /* CollectionViewController.swift in Sources */ = {isa = PBXBuildFile; fileRef = 2958DAA52A650302001D4B5A /* CollectionViewController.swift */; };
		2958DAAA2A65B7C7001D4B5A /* CollectionViewModel.swift in Sources */ = {isa = PBXBuildFile; fileRef = 2958DAA92A65B7C7001D4B5A /* CollectionViewModel.swift */; };
		2958DAAC2A65C00F001D4B5A /* CollectionDataProvider.swift in Sources */ = {isa = PBXBuildFile; fileRef = 2958DAAB2A65C00F001D4B5A /* CollectionDataProvider.swift */; };
		2958DAB62A65C4BC001D4B5A /* CollectionDataProvaderProtocol.swift in Sources */ = {isa = PBXBuildFile; fileRef = 2958DAB52A65C4BC001D4B5A /* CollectionDataProvaderProtocol.swift */; };
		2958DABC2A68E802001D4B5A /* RequestsMap.swift in Sources */ = {isa = PBXBuildFile; fileRef = 2958DABB2A68E802001D4B5A /* RequestsMap.swift */; };
		29A1963B2A5A63CE00B7BAB6 /* CatalogViewCell.swift in Sources */ = {isa = PBXBuildFile; fileRef = 29A1963A2A5A63CE00B7BAB6 /* CatalogViewCell.swift */; };
		29A1963E2A5A6DF500B7BAB6 /* CatalogFactory.swift in Sources */ = {isa = PBXBuildFile; fileRef = 29A1963D2A5A6DF500B7BAB6 /* CatalogFactory.swift */; };
		29A196412A5A91DB00B7BAB6 /* UIProgressHUD.swift in Sources */ = {isa = PBXBuildFile; fileRef = 29A196402A5A91DB00B7BAB6 /* UIProgressHUD.swift */; };
		29A196432A5A945000B7BAB6 /* UICollectionView+Extensions.swift in Sources */ = {isa = PBXBuildFile; fileRef = 29A196422A5A945000B7BAB6 /* UICollectionView+Extensions.swift */; };
		29A196452A5A98C000B7BAB6 /* Icons.swift in Sources */ = {isa = PBXBuildFile; fileRef = 29A196442A5A98C000B7BAB6 /* Icons.swift */; };
		29A196472A5B9C9F00B7BAB6 /* CatalogueProtocol.swift in Sources */ = {isa = PBXBuildFile; fileRef = 29A196462A5B9C9F00B7BAB6 /* CatalogueProtocol.swift */; };
		29A196492A5B9E5A00B7BAB6 /* String+Extension.swift in Sources */ = {isa = PBXBuildFile; fileRef = 29A196482A5B9E5A00B7BAB6 /* String+Extension.swift */; };
		29A1964B2A5BA3C800B7BAB6 /* Collection.swift in Sources */ = {isa = PBXBuildFile; fileRef = 29A1964A2A5BA3C800B7BAB6 /* Collection.swift */; };
		29A1964D2A5BBC4300B7BAB6 /* CatalogueViewModel.swift in Sources */ = {isa = PBXBuildFile; fileRef = 29A1964C2A5BBC4300B7BAB6 /* CatalogueViewModel.swift */; };
		29A1964F2A5BDBD700B7BAB6 /* SetupManager.swift in Sources */ = {isa = PBXBuildFile; fileRef = 29A1964E2A5BDBD700B7BAB6 /* SetupManager.swift */; };
		29A196512A5BDF1400B7BAB6 /* Observation.swift in Sources */ = {isa = PBXBuildFile; fileRef = 29A196502A5BDF1400B7BAB6 /* Observation.swift */; };
		29A196742A5C7F8300B7BAB6 /* Readme.md in Resources */ = {isa = PBXBuildFile; fileRef = 29A196722A5C7F8200B7BAB6 /* Readme.md */; };
		29A196752A5C7F8300B7BAB6 /* CatalogueDecomposition.md in Resources */ = {isa = PBXBuildFile; fileRef = 29A196732A5C7F8300B7BAB6 /* CatalogueDecomposition.md */; };
		29E5FF672A6B4EC20040C318 /* AlertPresenter.swift in Sources */ = {isa = PBXBuildFile; fileRef = 29E5FF662A6B4EC20040C318 /* AlertPresenter.swift */; };
		29E5FF692A6B66C60040C318 /* AuthorViewModel.swift in Sources */ = {isa = PBXBuildFile; fileRef = 29E5FF682A6B66C60040C318 /* AuthorViewModel.swift */; };
		3F478ECF29DB474E00F6D39E /* Colors.swift in Sources */ = {isa = PBXBuildFile; fileRef = 3F478ECE29DB474E00F6D39E /* Colors.swift */; };
		3F478ED129DB476500F6D39E /* Fonts.swift in Sources */ = {isa = PBXBuildFile; fileRef = 3F478ED029DB476500F6D39E /* Fonts.swift */; };
		3F603CCD29DB4A53000C43D7 /* ProgressHUD in Frameworks */ = {isa = PBXBuildFile; productRef = 3F603CCC29DB4A53000C43D7 /* ProgressHUD */; };
		3F603CD029DB4A74000C43D7 /* Kingfisher in Frameworks */ = {isa = PBXBuildFile; productRef = 3F603CCF29DB4A74000C43D7 /* Kingfisher */; };
		3F68069729CBBAF100B4F915 /* AppDelegate.swift in Sources */ = {isa = PBXBuildFile; fileRef = 3F68069629CBBAF100B4F915 /* AppDelegate.swift */; };
		3F68069B29CBBAF100B4F915 /* ProductDetailsTableViewController.swift in Sources */ = {isa = PBXBuildFile; fileRef = 3F68069A29CBBAF100B4F915 /* ProductDetailsTableViewController.swift */; };
		3F6806A029CBBAF200B4F915 /* Assets.xcassets in Resources */ = {isa = PBXBuildFile; fileRef = 3F68069F29CBBAF200B4F915 /* Assets.xcassets */; };
		3F6806A329CBBAF200B4F915 /* LaunchScreen.storyboard in Resources */ = {isa = PBXBuildFile; fileRef = 3F6806A129CBBAF200B4F915 /* LaunchScreen.storyboard */; };
		3F6806AE29CBBAF200B4F915 /* ExampleUnitTests.swift in Sources */ = {isa = PBXBuildFile; fileRef = 3F6806AD29CBBAF200B4F915 /* ExampleUnitTests.swift */; };
		3F6806B829CBBAF200B4F915 /* FakeNFTUITests.swift in Sources */ = {isa = PBXBuildFile; fileRef = 3F6806B729CBBAF200B4F915 /* FakeNFTUITests.swift */; };
		3F6806CB29CBBCC700B4F915 /* ExampleNetworkModel.swift in Sources */ = {isa = PBXBuildFile; fileRef = 3F6806CA29CBBCC700B4F915 /* ExampleNetworkModel.swift */; };
		3F6806D129CBBE6B00B4F915 /* NetworkClient.swift in Sources */ = {isa = PBXBuildFile; fileRef = 3F6806D029CBBE6B00B4F915 /* NetworkClient.swift */; };
		3F6806D329CBBE9600B4F915 /* NetworkRequest.swift in Sources */ = {isa = PBXBuildFile; fileRef = 3F6806D229CBBE9600B4F915 /* NetworkRequest.swift */; };
		3F6806D529CBBEC700B4F915 /* NetworkTask.swift in Sources */ = {isa = PBXBuildFile; fileRef = 3F6806D429CBBEC700B4F915 /* NetworkTask.swift */; };
		3F6806D729CBC50A00B4F915 /* CellsReusingUtils.swift in Sources */ = {isa = PBXBuildFile; fileRef = 3F6806D629CBC50A00B4F915 /* CellsReusingUtils.swift */; };
		3FC8C38B29D242E90081F015 /* ProductDetailsTableViewCell.swift in Sources */ = {isa = PBXBuildFile; fileRef = 3FC8C38A29D242E90081F015 /* ProductDetailsTableViewCell.swift */; };
		3FC8C39129D2453B0081F015 /* ExampleRequest.swift in Sources */ = {isa = PBXBuildFile; fileRef = 3FC8C39029D2453B0081F015 /* ExampleRequest.swift */; };
		3FC8C39329D246BA0081F015 /* DateFormatters+Presets.swift in Sources */ = {isa = PBXBuildFile; fileRef = 3FC8C39229D246BA0081F015 /* DateFormatters+Presets.swift */; };
		3FC8C39729D24D9D0081F015 /* .swiftlint.yml in Resources */ = {isa = PBXBuildFile; fileRef = 3FC8C39629D24D9D0081F015 /* .swiftlint.yml */; };
		881425112A52C08300AADB89 /* StatUserPage.swift in Sources */ = {isa = PBXBuildFile; fileRef = 881425102A52C08300AADB89 /* StatUserPage.swift */; };
		881425132A52E0B300AADB89 /* Models&Structs.swift in Sources */ = {isa = PBXBuildFile; fileRef = 881425122A52E0B300AADB89 /* Models&Structs.swift */; };
		881425152A52E5AA00AADB89 /* CurrencyService.swift in Sources */ = {isa = PBXBuildFile; fileRef = 881425142A52E5AA00AADB89 /* CurrencyService.swift */; };
		881425182A52E71E00AADB89 /* Protocols.swift in Sources */ = {isa = PBXBuildFile; fileRef = 881425172A52E71E00AADB89 /* Protocols.swift */; };
		8814251A2A52E7B800AADB89 /* NFTModels.swift in Sources */ = {isa = PBXBuildFile; fileRef = 881425192A52E7B800AADB89 /* NFTModels.swift */; };
		8814251C2A52E97500AADB89 /* Config.swift in Sources */ = {isa = PBXBuildFile; fileRef = 8814251B2A52E97500AADB89 /* Config.swift */; };
/* End PBXBuildFile section */

/* Begin PBXContainerItemProxy section */
		3F6806AA29CBBAF200B4F915 /* PBXContainerItemProxy */ = {
			isa = PBXContainerItemProxy;
			containerPortal = 3F68068B29CBBAF100B4F915 /* Project object */;
			proxyType = 1;
			remoteGlobalIDString = 3F68069229CBBAF100B4F915;
			remoteInfo = FakeNFT;
		};
		3F6806B429CBBAF200B4F915 /* PBXContainerItemProxy */ = {
			isa = PBXContainerItemProxy;
			containerPortal = 3F68068B29CBBAF100B4F915 /* Project object */;
			proxyType = 1;
			remoteGlobalIDString = 3F68069229CBBAF100B4F915;
			remoteInfo = FakeNFT;
		};
/* End PBXContainerItemProxy section */

/* Begin PBXFileReference section */
		0AAF02DD2A5291CA00924CE0 /* TabBarController.swift */ = {isa = PBXFileReference; lastKnownFileType = sourcecode.swift; path = TabBarController.swift; sourceTree = "<group>"; };
		0AAF02E32A52967C00924CE0 /* ProfileViewController.swift */ = {isa = PBXFileReference; lastKnownFileType = sourcecode.swift; path = ProfileViewController.swift; sourceTree = "<group>"; };
		0AAF02E52A5296AD00924CE0 /* CatalogViewController.swift */ = {isa = PBXFileReference; lastKnownFileType = sourcecode.swift; path = CatalogViewController.swift; sourceTree = "<group>"; };
		0AAF02E72A5296C200924CE0 /* CartViewController.swift */ = {isa = PBXFileReference; lastKnownFileType = sourcecode.swift; path = CartViewController.swift; sourceTree = "<group>"; };
		0AAF02E92A5296DB00924CE0 /* StatsViewController.swift */ = {isa = PBXFileReference; lastKnownFileType = sourcecode.swift; path = StatsViewController.swift; sourceTree = "<group>"; };
		0AAF02EB2A5297AD00924CE0 /* ProfilePresenter.swift */ = {isa = PBXFileReference; lastKnownFileType = sourcecode.swift; path = ProfilePresenter.swift; sourceTree = "<group>"; };
		0AAF02ED2A5297E300924CE0 /* ProfileViewProtocol.swift */ = {isa = PBXFileReference; lastKnownFileType = sourcecode.swift; path = ProfileViewProtocol.swift; sourceTree = "<group>"; };
		0AAF02EF2A5297F100924CE0 /* ProfilePresenterProtocol.swift */ = {isa = PBXFileReference; lastKnownFileType = sourcecode.swift; path = ProfilePresenterProtocol.swift; sourceTree = "<group>"; };
		0AAF02F32A5299BB00924CE0 /* ScreenFactory.swift */ = {isa = PBXFileReference; lastKnownFileType = sourcecode.swift; path = ScreenFactory.swift; sourceTree = "<group>"; };
		0AAF03012A529E5800924CE0 /* CartPresenterProtocol.swift */ = {isa = PBXFileReference; lastKnownFileType = sourcecode.swift; path = CartPresenterProtocol.swift; sourceTree = "<group>"; };
		0AAF03032A529E7100924CE0 /* CartPresenter.swift */ = {isa = PBXFileReference; lastKnownFileType = sourcecode.swift; path = CartPresenter.swift; sourceTree = "<group>"; };
		0AAF03052A529E9D00924CE0 /* CartViewProtocol.swift */ = {isa = PBXFileReference; lastKnownFileType = sourcecode.swift; path = CartViewProtocol.swift; sourceTree = "<group>"; };
		0AAF03072A529EF300924CE0 /* StatsPresenter.swift */ = {isa = PBXFileReference; lastKnownFileType = sourcecode.swift; path = StatsPresenter.swift; sourceTree = "<group>"; };
		0AAF03092A529EFA00924CE0 /* StatsPresenterProtocol.swift */ = {isa = PBXFileReference; lastKnownFileType = sourcecode.swift; path = StatsPresenterProtocol.swift; sourceTree = "<group>"; };
		0AAF030B2A529F0900924CE0 /* StatsViewProtocol.swift */ = {isa = PBXFileReference; lastKnownFileType = sourcecode.swift; path = StatsViewProtocol.swift; sourceTree = "<group>"; };
		0AAF030D2A529FAC00924CE0 /* ScreenFactoryProtocol.swift */ = {isa = PBXFileReference; lastKnownFileType = sourcecode.swift; path = ScreenFactoryProtocol.swift; sourceTree = "<group>"; };
		2958DA962A64D4D2001D4B5A /* CatalogueDataProvider.swift */ = {isa = PBXFileReference; lastKnownFileType = sourcecode.swift; path = CatalogueDataProvider.swift; sourceTree = "<group>"; };
		2958DA9F2A64FAA0001D4B5A /* CollectionNFTCell.swift */ = {isa = PBXFileReference; lastKnownFileType = sourcecode.swift; path = CollectionNFTCell.swift; sourceTree = "<group>"; };
		2958DAA12A64FC36001D4B5A /* RatingStackView.swift */ = {isa = PBXFileReference; lastKnownFileType = sourcecode.swift; path = RatingStackView.swift; sourceTree = "<group>"; };
		2958DAA32A64FD0C001D4B5A /* AuthorViewController.swift */ = {isa = PBXFileReference; lastKnownFileType = sourcecode.swift; path = AuthorViewController.swift; sourceTree = "<group>"; };
		2958DAA52A650302001D4B5A /* CollectionViewController.swift */ = {isa = PBXFileReference; lastKnownFileType = sourcecode.swift; path = CollectionViewController.swift; sourceTree = "<group>"; };
		2958DAA92A65B7C7001D4B5A /* CollectionViewModel.swift */ = {isa = PBXFileReference; lastKnownFileType = sourcecode.swift; path = CollectionViewModel.swift; sourceTree = "<group>"; };
		2958DAAB2A65C00F001D4B5A /* CollectionDataProvider.swift */ = {isa = PBXFileReference; lastKnownFileType = sourcecode.swift; path = CollectionDataProvider.swift; sourceTree = "<group>"; };
		2958DAB52A65C4BC001D4B5A /* CollectionDataProvaderProtocol.swift */ = {isa = PBXFileReference; lastKnownFileType = sourcecode.swift; path = CollectionDataProvaderProtocol.swift; sourceTree = "<group>"; };
		2958DABB2A68E802001D4B5A /* RequestsMap.swift */ = {isa = PBXFileReference; lastKnownFileType = sourcecode.swift; path = RequestsMap.swift; sourceTree = "<group>"; };
		29A1963A2A5A63CE00B7BAB6 /* CatalogViewCell.swift */ = {isa = PBXFileReference; lastKnownFileType = sourcecode.swift; path = CatalogViewCell.swift; sourceTree = "<group>"; };
		29A1963D2A5A6DF500B7BAB6 /* CatalogFactory.swift */ = {isa = PBXFileReference; lastKnownFileType = sourcecode.swift; path = CatalogFactory.swift; sourceTree = "<group>"; };
		29A196402A5A91DB00B7BAB6 /* UIProgressHUD.swift */ = {isa = PBXFileReference; lastKnownFileType = sourcecode.swift; path = UIProgressHUD.swift; sourceTree = "<group>"; };
		29A196422A5A945000B7BAB6 /* UICollectionView+Extensions.swift */ = {isa = PBXFileReference; lastKnownFileType = sourcecode.swift; path = "UICollectionView+Extensions.swift"; sourceTree = "<group>"; };
		29A196442A5A98C000B7BAB6 /* Icons.swift */ = {isa = PBXFileReference; lastKnownFileType = sourcecode.swift; path = Icons.swift; sourceTree = "<group>"; };
		29A196462A5B9C9F00B7BAB6 /* CatalogueProtocol.swift */ = {isa = PBXFileReference; lastKnownFileType = sourcecode.swift; path = CatalogueProtocol.swift; sourceTree = "<group>"; };
		29A196482A5B9E5A00B7BAB6 /* String+Extension.swift */ = {isa = PBXFileReference; lastKnownFileType = sourcecode.swift; path = "String+Extension.swift"; sourceTree = "<group>"; };
		29A1964A2A5BA3C800B7BAB6 /* Collection.swift */ = {isa = PBXFileReference; lastKnownFileType = sourcecode.swift; path = Collection.swift; sourceTree = "<group>"; };
		29A1964C2A5BBC4300B7BAB6 /* CatalogueViewModel.swift */ = {isa = PBXFileReference; lastKnownFileType = sourcecode.swift; path = CatalogueViewModel.swift; sourceTree = "<group>"; };
		29A1964E2A5BDBD700B7BAB6 /* SetupManager.swift */ = {isa = PBXFileReference; lastKnownFileType = sourcecode.swift; path = SetupManager.swift; sourceTree = "<group>"; };
		29A196502A5BDF1400B7BAB6 /* Observation.swift */ = {isa = PBXFileReference; lastKnownFileType = sourcecode.swift; path = Observation.swift; sourceTree = "<group>"; };
		29A196722A5C7F8200B7BAB6 /* Readme.md */ = {isa = PBXFileReference; fileEncoding = 4; lastKnownFileType = net.daringfireball.markdown; path = Readme.md; sourceTree = "<group>"; };
		29A196732A5C7F8300B7BAB6 /* CatalogueDecomposition.md */ = {isa = PBXFileReference; fileEncoding = 4; lastKnownFileType = net.daringfireball.markdown; path = CatalogueDecomposition.md; sourceTree = "<group>"; };
		29E5FF662A6B4EC20040C318 /* AlertPresenter.swift */ = {isa = PBXFileReference; lastKnownFileType = sourcecode.swift; path = AlertPresenter.swift; sourceTree = "<group>"; };
		29E5FF682A6B66C60040C318 /* AuthorViewModel.swift */ = {isa = PBXFileReference; lastKnownFileType = sourcecode.swift; path = AuthorViewModel.swift; sourceTree = "<group>"; };
		3F478ECE29DB474E00F6D39E /* Colors.swift */ = {isa = PBXFileReference; lastKnownFileType = sourcecode.swift; path = Colors.swift; sourceTree = "<group>"; };
		3F478ED029DB476500F6D39E /* Fonts.swift */ = {isa = PBXFileReference; lastKnownFileType = sourcecode.swift; path = Fonts.swift; sourceTree = "<group>"; };
		3F68069329CBBAF100B4F915 /* FakeNFT.app */ = {isa = PBXFileReference; explicitFileType = wrapper.application; includeInIndex = 0; path = FakeNFT.app; sourceTree = BUILT_PRODUCTS_DIR; };
		3F68069629CBBAF100B4F915 /* AppDelegate.swift */ = {isa = PBXFileReference; lastKnownFileType = sourcecode.swift; path = AppDelegate.swift; sourceTree = "<group>"; };
		3F68069A29CBBAF100B4F915 /* ProductDetailsTableViewController.swift */ = {isa = PBXFileReference; lastKnownFileType = sourcecode.swift; path = ProductDetailsTableViewController.swift; sourceTree = "<group>"; };
		3F68069F29CBBAF200B4F915 /* Assets.xcassets */ = {isa = PBXFileReference; lastKnownFileType = folder.assetcatalog; path = Assets.xcassets; sourceTree = "<group>"; };
		3F6806A229CBBAF200B4F915 /* Base */ = {isa = PBXFileReference; lastKnownFileType = file.storyboard; name = Base; path = Base.lproj/LaunchScreen.storyboard; sourceTree = "<group>"; };
		3F6806A429CBBAF200B4F915 /* Info.plist */ = {isa = PBXFileReference; lastKnownFileType = text.plist.xml; path = Info.plist; sourceTree = "<group>"; };
		3F6806A929CBBAF200B4F915 /* FakeNFTTests.xctest */ = {isa = PBXFileReference; explicitFileType = wrapper.cfbundle; includeInIndex = 0; path = FakeNFTTests.xctest; sourceTree = BUILT_PRODUCTS_DIR; };
		3F6806AD29CBBAF200B4F915 /* ExampleUnitTests.swift */ = {isa = PBXFileReference; lastKnownFileType = sourcecode.swift; path = ExampleUnitTests.swift; sourceTree = "<group>"; };
		3F6806B329CBBAF200B4F915 /* FakeNFTUITests.xctest */ = {isa = PBXFileReference; explicitFileType = wrapper.cfbundle; includeInIndex = 0; path = FakeNFTUITests.xctest; sourceTree = BUILT_PRODUCTS_DIR; };
		3F6806B729CBBAF200B4F915 /* FakeNFTUITests.swift */ = {isa = PBXFileReference; lastKnownFileType = sourcecode.swift; path = FakeNFTUITests.swift; sourceTree = "<group>"; };
		3F6806CA29CBBCC700B4F915 /* ExampleNetworkModel.swift */ = {isa = PBXFileReference; lastKnownFileType = sourcecode.swift; path = ExampleNetworkModel.swift; sourceTree = "<group>"; };
		3F6806D029CBBE6B00B4F915 /* NetworkClient.swift */ = {isa = PBXFileReference; lastKnownFileType = sourcecode.swift; path = NetworkClient.swift; sourceTree = "<group>"; };
		3F6806D229CBBE9600B4F915 /* NetworkRequest.swift */ = {isa = PBXFileReference; lastKnownFileType = sourcecode.swift; path = NetworkRequest.swift; sourceTree = "<group>"; };
		3F6806D429CBBEC700B4F915 /* NetworkTask.swift */ = {isa = PBXFileReference; lastKnownFileType = sourcecode.swift; path = NetworkTask.swift; sourceTree = "<group>"; };
		3F6806D629CBC50A00B4F915 /* CellsReusingUtils.swift */ = {isa = PBXFileReference; lastKnownFileType = sourcecode.swift; path = CellsReusingUtils.swift; sourceTree = "<group>"; };
		3FC8C38A29D242E90081F015 /* ProductDetailsTableViewCell.swift */ = {isa = PBXFileReference; lastKnownFileType = sourcecode.swift; path = ProductDetailsTableViewCell.swift; sourceTree = "<group>"; };
		3FC8C39029D2453B0081F015 /* ExampleRequest.swift */ = {isa = PBXFileReference; lastKnownFileType = sourcecode.swift; path = ExampleRequest.swift; sourceTree = "<group>"; };
		3FC8C39229D246BA0081F015 /* DateFormatters+Presets.swift */ = {isa = PBXFileReference; lastKnownFileType = sourcecode.swift; path = "DateFormatters+Presets.swift"; sourceTree = "<group>"; };
		3FC8C39629D24D9D0081F015 /* .swiftlint.yml */ = {isa = PBXFileReference; lastKnownFileType = text.yaml; path = .swiftlint.yml; sourceTree = "<group>"; };
		881425102A52C08300AADB89 /* StatUserPage.swift */ = {isa = PBXFileReference; lastKnownFileType = sourcecode.swift; path = StatUserPage.swift; sourceTree = "<group>"; };
		881425122A52E0B300AADB89 /* Models&Structs.swift */ = {isa = PBXFileReference; lastKnownFileType = sourcecode.swift; path = "Models&Structs.swift"; sourceTree = "<group>"; };
		881425142A52E5AA00AADB89 /* CurrencyService.swift */ = {isa = PBXFileReference; lastKnownFileType = sourcecode.swift; path = CurrencyService.swift; sourceTree = "<group>"; };
		881425172A52E71E00AADB89 /* Protocols.swift */ = {isa = PBXFileReference; lastKnownFileType = sourcecode.swift; path = Protocols.swift; sourceTree = "<group>"; };
		881425192A52E7B800AADB89 /* NFTModels.swift */ = {isa = PBXFileReference; lastKnownFileType = sourcecode.swift; path = NFTModels.swift; sourceTree = "<group>"; };
		8814251B2A52E97500AADB89 /* Config.swift */ = {isa = PBXFileReference; lastKnownFileType = sourcecode.swift; path = Config.swift; sourceTree = "<group>"; };
/* End PBXFileReference section */

/* Begin PBXFrameworksBuildPhase section */
		3F68069029CBBAF100B4F915 /* Frameworks */ = {
			isa = PBXFrameworksBuildPhase;
			buildActionMask = 2147483647;
			files = (
				3F603CD029DB4A74000C43D7 /* Kingfisher in Frameworks */,
				3F603CCD29DB4A53000C43D7 /* ProgressHUD in Frameworks */,
			);
			runOnlyForDeploymentPostprocessing = 0;
		};
		3F6806A629CBBAF200B4F915 /* Frameworks */ = {
			isa = PBXFrameworksBuildPhase;
			buildActionMask = 2147483647;
			files = (
			);
			runOnlyForDeploymentPostprocessing = 0;
		};
		3F6806B029CBBAF200B4F915 /* Frameworks */ = {
			isa = PBXFrameworksBuildPhase;
			buildActionMask = 2147483647;
			files = (
			);
			runOnlyForDeploymentPostprocessing = 0;
		};
/* End PBXFrameworksBuildPhase section */

/* Begin PBXGroup section */
		0AAF02DB2A52911100924CE0 /* Supporting Files */ = {
			isa = PBXGroup;
			children = (
				3F68069F29CBBAF200B4F915 /* Assets.xcassets */,
				3F6806A129CBBAF200B4F915 /* LaunchScreen.storyboard */,
				3F6806A429CBBAF200B4F915 /* Info.plist */,
			);
			path = "Supporting Files";
			sourceTree = "<group>";
		};
		0AAF02DC2A52912300924CE0 /* App */ = {
			isa = PBXGroup;
			children = (
				3F68069629CBBAF100B4F915 /* AppDelegate.swift */,
			);
			path = App;
			sourceTree = "<group>";
		};
		0AAF02DF2A52963700924CE0 /* Profile */ = {
			isa = PBXGroup;
			children = (
				0AAF02F22A5298AF00924CE0 /* View */,
				0AAF02F12A5298A800924CE0 /* Presenter */,
			);
			path = Profile;
			sourceTree = "<group>";
		};
		0AAF02E02A52964000924CE0 /* Catalog */ = {
			isa = PBXGroup;
			children = (
				29A196762A5C7F9000B7BAB6 /* mdFiles */,
				29A1963F2A5A8F3500B7BAB6 /* Helpers */,
				29A1963C2A5A6DDB00B7BAB6 /* Services */,
				0AAF02FB2A529BDE00924CE0 /* View */,
			);
			path = Catalog;
			sourceTree = "<group>";
		};
		0AAF02E12A52964700924CE0 /* Cart */ = {
			isa = PBXGroup;
			children = (
				0AAF02FF2A529E1100924CE0 /* View */,
				0AAF03002A529E1800924CE0 /* Presenter */,
			);
			path = Cart;
			sourceTree = "<group>";
		};
		0AAF02E22A52964D00924CE0 /* Stats */ = {
			isa = PBXGroup;
			children = (
				0AAF02FD2A529DFD00924CE0 /* View */,
				0AAF02FE2A529E0300924CE0 /* Presenter */,
			);
			path = Stats;
			sourceTree = "<group>";
		};
		0AAF02F12A5298A800924CE0 /* Presenter */ = {
			isa = PBXGroup;
			children = (
				0AAF02EF2A5297F100924CE0 /* ProfilePresenterProtocol.swift */,
				0AAF02EB2A5297AD00924CE0 /* ProfilePresenter.swift */,
			);
			path = Presenter;
			sourceTree = "<group>";
		};
		0AAF02F22A5298AF00924CE0 /* View */ = {
			isa = PBXGroup;
			children = (
				0AAF02ED2A5297E300924CE0 /* ProfileViewProtocol.swift */,
				0AAF02E32A52967C00924CE0 /* ProfileViewController.swift */,
			);
			path = View;
			sourceTree = "<group>";
		};
		0AAF02FB2A529BDE00924CE0 /* View */ = {
			isa = PBXGroup;
			children = (
				2958DABD2A68FD25001D4B5A /* Catalogue */,
				2958DABE2A68FD32001D4B5A /* Collection */,
				29A196502A5BDF1400B7BAB6 /* Observation.swift */,
				29E5FF662A6B4EC20040C318 /* AlertPresenter.swift */,
			);
			path = View;
			sourceTree = "<group>";
		};
		0AAF02FD2A529DFD00924CE0 /* View */ = {
			isa = PBXGroup;
			children = (
				881425102A52C08300AADB89 /* StatUserPage.swift */,
				0AAF030B2A529F0900924CE0 /* StatsViewProtocol.swift */,
				0AAF02E92A5296DB00924CE0 /* StatsViewController.swift */,
			);
			path = View;
			sourceTree = "<group>";
		};
		0AAF02FE2A529E0300924CE0 /* Presenter */ = {
			isa = PBXGroup;
			children = (
				0AAF03092A529EFA00924CE0 /* StatsPresenterProtocol.swift */,
				0AAF03072A529EF300924CE0 /* StatsPresenter.swift */,
			);
			path = Presenter;
			sourceTree = "<group>";
		};
		0AAF02FF2A529E1100924CE0 /* View */ = {
			isa = PBXGroup;
			children = (
				0AAF03052A529E9D00924CE0 /* CartViewProtocol.swift */,
				0AAF02E72A5296C200924CE0 /* CartViewController.swift */,
			);
			path = View;
			sourceTree = "<group>";
		};
		0AAF03002A529E1800924CE0 /* Presenter */ = {
			isa = PBXGroup;
			children = (
				0AAF03012A529E5800924CE0 /* CartPresenterProtocol.swift */,
				0AAF03032A529E7100924CE0 /* CartPresenter.swift */,
			);
			path = Presenter;
			sourceTree = "<group>";
		};
		0AAF030F2A529FEC00924CE0 /* ScreenFactory */ = {
			isa = PBXGroup;
			children = (
				0AAF02F32A5299BB00924CE0 /* ScreenFactory.swift */,
				0AAF030D2A529FAC00924CE0 /* ScreenFactoryProtocol.swift */,
			);
			path = ScreenFactory;
			sourceTree = "<group>";
		};
		2958DA9A2A64D663001D4B5A /* Requests */ = {
			isa = PBXGroup;
			children = (
				2958DABB2A68E802001D4B5A /* RequestsMap.swift */,
			);
			path = Requests;
			sourceTree = "<group>";
		};
		2958DABD2A68FD25001D4B5A /* Catalogue */ = {
			isa = PBXGroup;
			children = (
				0AAF02E52A5296AD00924CE0 /* CatalogViewController.swift */,
				29A1963A2A5A63CE00B7BAB6 /* CatalogViewCell.swift */,
				29A1964C2A5BBC4300B7BAB6 /* CatalogueViewModel.swift */,
			);
			path = Catalogue;
			sourceTree = "<group>";
		};
		2958DABE2A68FD32001D4B5A /* Collection */ = {
			isa = PBXGroup;
			children = (
				2958DA9F2A64FAA0001D4B5A /* CollectionNFTCell.swift */,
				2958DAA12A64FC36001D4B5A /* RatingStackView.swift */,
				2958DAA32A64FD0C001D4B5A /* AuthorViewController.swift */,
				29E5FF682A6B66C60040C318 /* AuthorViewModel.swift */,
				2958DAA52A650302001D4B5A /* CollectionViewController.swift */,
				2958DAA92A65B7C7001D4B5A /* CollectionViewModel.swift */,
			);
			path = Collection;
			sourceTree = "<group>";
		};
		29A1963C2A5A6DDB00B7BAB6 /* Services */ = {
			isa = PBXGroup;
			children = (
				29A1963D2A5A6DF500B7BAB6 /* CatalogFactory.swift */,
				29A196462A5B9C9F00B7BAB6 /* CatalogueProtocol.swift */,
				29A1964E2A5BDBD700B7BAB6 /* SetupManager.swift */,
				2958DA962A64D4D2001D4B5A /* CatalogueDataProvider.swift */,
				2958DA9A2A64D663001D4B5A /* Requests */,
				2958DAAB2A65C00F001D4B5A /* CollectionDataProvider.swift */,
				2958DAB52A65C4BC001D4B5A /* CollectionDataProvaderProtocol.swift */,
			);
			path = Services;
			sourceTree = "<group>";
		};
		29A1963F2A5A8F3500B7BAB6 /* Helpers */ = {
			isa = PBXGroup;
			children = (
				29A196402A5A91DB00B7BAB6 /* UIProgressHUD.swift */,
				29A196422A5A945000B7BAB6 /* UICollectionView+Extensions.swift */,
			);
			path = Helpers;
			sourceTree = "<group>";
		};
		29A196762A5C7F9000B7BAB6 /* mdFiles */ = {
			isa = PBXGroup;
			children = (
				29A196722A5C7F8200B7BAB6 /* Readme.md */,
				29A196732A5C7F8300B7BAB6 /* CatalogueDecomposition.md */,
			);
			path = mdFiles;
			sourceTree = "<group>";
		};
		3F478ECD29DB473000F6D39E /* DesignSystem */ = {
			isa = PBXGroup;
			children = (
				3F478ECE29DB474E00F6D39E /* Colors.swift */,
				3F478ED029DB476500F6D39E /* Fonts.swift */,
				29A196442A5A98C000B7BAB6 /* Icons.swift */,
			);
			path = DesignSystem;
			sourceTree = "<group>";
		};
		3F68068A29CBBAF100B4F915 = {
			isa = PBXGroup;
			children = (
				3FC8C39629D24D9D0081F015 /* .swiftlint.yml */,
				3F68069529CBBAF100B4F915 /* FakeNFT */,
				3F6806AC29CBBAF200B4F915 /* FakeNFTTests */,
				3F6806B629CBBAF200B4F915 /* FakeNFTUITests */,
				3F68069429CBBAF100B4F915 /* Products */,
			);
			sourceTree = "<group>";
		};
		3F68069429CBBAF100B4F915 /* Products */ = {
			isa = PBXGroup;
			children = (
				3F68069329CBBAF100B4F915 /* FakeNFT.app */,
				3F6806A929CBBAF200B4F915 /* FakeNFTTests.xctest */,
				3F6806B329CBBAF200B4F915 /* FakeNFTUITests.xctest */,
			);
			name = Products;
			sourceTree = "<group>";
		};
		3F68069529CBBAF100B4F915 /* FakeNFT */ = {
			isa = PBXGroup;
			children = (
				0AAF02DC2A52912300924CE0 /* App */,
				3F478ECD29DB473000F6D39E /* DesignSystem */,
				3F6806CE29CBBD1B00B4F915 /* Foundation */,
				3F6806C929CBBCAF00B4F915 /* Models */,
				3F6806C729CBBC5B00B4F915 /* Screens */,
				3F6806C629CBBC4E00B4F915 /* Services */,
				0AAF02DB2A52911100924CE0 /* Supporting Files */,
			);
			path = FakeNFT;
			sourceTree = "<group>";
		};
		3F6806AC29CBBAF200B4F915 /* FakeNFTTests */ = {
			isa = PBXGroup;
			children = (
				3F6806AD29CBBAF200B4F915 /* ExampleUnitTests.swift */,
			);
			path = FakeNFTTests;
			sourceTree = "<group>";
		};
		3F6806B629CBBAF200B4F915 /* FakeNFTUITests */ = {
			isa = PBXGroup;
			children = (
				3F6806B729CBBAF200B4F915 /* FakeNFTUITests.swift */,
			);
			path = FakeNFTUITests;
			sourceTree = "<group>";
		};
		3F6806C629CBBC4E00B4F915 /* Services */ = {
			isa = PBXGroup;
			children = (
				0AAF030F2A529FEC00924CE0 /* ScreenFactory */,
				3FC8C38F29D245250081F015 /* Requests */,
			);
			path = Services;
			sourceTree = "<group>";
		};
		3F6806C729CBBC5B00B4F915 /* Screens */ = {
			isa = PBXGroup;
			children = (
				0AAF02E22A52964D00924CE0 /* Stats */,
				0AAF02E12A52964700924CE0 /* Cart */,
				0AAF02E02A52964000924CE0 /* Catalog */,
				0AAF02DF2A52963700924CE0 /* Profile */,
				3F6806C829CBBC8100B4F915 /* ProductDetails */,
				0AAF02DD2A5291CA00924CE0 /* TabBarController.swift */,
			);
			path = Screens;
			sourceTree = "<group>";
		};
		3F6806C829CBBC8100B4F915 /* ProductDetails */ = {
			isa = PBXGroup;
			children = (
				3F68069A29CBBAF100B4F915 /* ProductDetailsTableViewController.swift */,
				3FC8C38A29D242E90081F015 /* ProductDetailsTableViewCell.swift */,
			);
			path = ProductDetails;
			sourceTree = "<group>";
		};
		3F6806C929CBBCAF00B4F915 /* Models */ = {
			isa = PBXGroup;
			children = (
				881425172A52E71E00AADB89 /* Protocols.swift */,
				3F6806D829CC979D00B4F915 /* Network */,
				881425122A52E0B300AADB89 /* Models&Structs.swift */,
				881425142A52E5AA00AADB89 /* CurrencyService.swift */,
				881425192A52E7B800AADB89 /* NFTModels.swift */,
				8814251B2A52E97500AADB89 /* Config.swift */,
				29A1964A2A5BA3C800B7BAB6 /* Collection.swift */,
			);
			path = Models;
			sourceTree = "<group>";
		};
		3F6806CE29CBBD1B00B4F915 /* Foundation */ = {
			isa = PBXGroup;
			children = (
				3F6806CF29CBBDB100B4F915 /* NetworkClient */,
				3F6806D629CBC50A00B4F915 /* CellsReusingUtils.swift */,
				3FC8C39229D246BA0081F015 /* DateFormatters+Presets.swift */,
			);
			path = Foundation;
			sourceTree = "<group>";
		};
		3F6806CF29CBBDB100B4F915 /* NetworkClient */ = {
			isa = PBXGroup;
			children = (
				3F6806D029CBBE6B00B4F915 /* NetworkClient.swift */,
				3F6806D229CBBE9600B4F915 /* NetworkRequest.swift */,
				3F6806D429CBBEC700B4F915 /* NetworkTask.swift */,
				29A196482A5B9E5A00B7BAB6 /* String+Extension.swift */,
			);
			path = NetworkClient;
			sourceTree = "<group>";
		};
		3F6806D829CC979D00B4F915 /* Network */ = {
			isa = PBXGroup;
			children = (
				3F6806CA29CBBCC700B4F915 /* ExampleNetworkModel.swift */,
			);
			path = Network;
			sourceTree = "<group>";
		};
		3FC8C38F29D245250081F015 /* Requests */ = {
			isa = PBXGroup;
			children = (
				3FC8C39029D2453B0081F015 /* ExampleRequest.swift */,
			);
			path = Requests;
			sourceTree = "<group>";
		};
/* End PBXGroup section */

/* Begin PBXNativeTarget section */
		3F68069229CBBAF100B4F915 /* FakeNFT */ = {
			isa = PBXNativeTarget;
			buildConfigurationList = 3F6806BD29CBBAF200B4F915 /* Build configuration list for PBXNativeTarget "FakeNFT" */;
			buildPhases = (
				3FC8C39529D24CDB0081F015 /* Swiftlint */,
				3F68068F29CBBAF100B4F915 /* Sources */,
				3F68069029CBBAF100B4F915 /* Frameworks */,
				3F68069129CBBAF100B4F915 /* Resources */,
			);
			buildRules = (
			);
			dependencies = (
			);
			name = FakeNFT;
			packageProductDependencies = (
				3F603CCC29DB4A53000C43D7 /* ProgressHUD */,
				3F603CCF29DB4A74000C43D7 /* Kingfisher */,
			);
			productName = FakeNFT;
			productReference = 3F68069329CBBAF100B4F915 /* FakeNFT.app */;
			productType = "com.apple.product-type.application";
		};
		3F6806A829CBBAF200B4F915 /* FakeNFTTests */ = {
			isa = PBXNativeTarget;
			buildConfigurationList = 3F6806C029CBBAF200B4F915 /* Build configuration list for PBXNativeTarget "FakeNFTTests" */;
			buildPhases = (
				3F6806A529CBBAF200B4F915 /* Sources */,
				3F6806A629CBBAF200B4F915 /* Frameworks */,
				3F6806A729CBBAF200B4F915 /* Resources */,
			);
			buildRules = (
			);
			dependencies = (
				3F6806AB29CBBAF200B4F915 /* PBXTargetDependency */,
			);
			name = FakeNFTTests;
			productName = FakeNFTTests;
			productReference = 3F6806A929CBBAF200B4F915 /* FakeNFTTests.xctest */;
			productType = "com.apple.product-type.bundle.unit-test";
		};
		3F6806B229CBBAF200B4F915 /* FakeNFTUITests */ = {
			isa = PBXNativeTarget;
			buildConfigurationList = 3F6806C329CBBAF200B4F915 /* Build configuration list for PBXNativeTarget "FakeNFTUITests" */;
			buildPhases = (
				3F6806AF29CBBAF200B4F915 /* Sources */,
				3F6806B029CBBAF200B4F915 /* Frameworks */,
				3F6806B129CBBAF200B4F915 /* Resources */,
			);
			buildRules = (
			);
			dependencies = (
				3F6806B529CBBAF200B4F915 /* PBXTargetDependency */,
			);
			name = FakeNFTUITests;
			productName = FakeNFTUITests;
			productReference = 3F6806B329CBBAF200B4F915 /* FakeNFTUITests.xctest */;
			productType = "com.apple.product-type.bundle.ui-testing";
		};
/* End PBXNativeTarget section */

/* Begin PBXProject section */
		3F68068B29CBBAF100B4F915 /* Project object */ = {
			isa = PBXProject;
			attributes = {
				BuildIndependentTargetsInParallel = 1;
				LastSwiftUpdateCheck = 1420;
				LastUpgradeCheck = 1420;
				TargetAttributes = {
					3F68069229CBBAF100B4F915 = {
						CreatedOnToolsVersion = 14.2;
					};
					3F6806A829CBBAF200B4F915 = {
						CreatedOnToolsVersion = 14.2;
						TestTargetID = 3F68069229CBBAF100B4F915;
					};
					3F6806B229CBBAF200B4F915 = {
						CreatedOnToolsVersion = 14.2;
						TestTargetID = 3F68069229CBBAF100B4F915;
					};
				};
			};
			buildConfigurationList = 3F68068E29CBBAF100B4F915 /* Build configuration list for PBXProject "FakeNFT" */;
			compatibilityVersion = "Xcode 14.0";
			developmentRegion = en;
			hasScannedForEncodings = 0;
			knownRegions = (
				en,
				Base,
			);
			mainGroup = 3F68068A29CBBAF100B4F915;
			packageReferences = (
				3F603CCB29DB4A53000C43D7 /* XCRemoteSwiftPackageReference "ProgressHUD" */,
				3F603CCE29DB4A74000C43D7 /* XCRemoteSwiftPackageReference "Kingfisher" */,
			);
			productRefGroup = 3F68069429CBBAF100B4F915 /* Products */;
			projectDirPath = "";
			projectRoot = "";
			targets = (
				3F68069229CBBAF100B4F915 /* FakeNFT */,
				3F6806A829CBBAF200B4F915 /* FakeNFTTests */,
				3F6806B229CBBAF200B4F915 /* FakeNFTUITests */,
			);
		};
/* End PBXProject section */

/* Begin PBXResourcesBuildPhase section */
		3F68069129CBBAF100B4F915 /* Resources */ = {
			isa = PBXResourcesBuildPhase;
			buildActionMask = 2147483647;
			files = (
				29A196752A5C7F8300B7BAB6 /* CatalogueDecomposition.md in Resources */,
				3FC8C39729D24D9D0081F015 /* .swiftlint.yml in Resources */,
				3F6806A329CBBAF200B4F915 /* LaunchScreen.storyboard in Resources */,
				29A196742A5C7F8300B7BAB6 /* Readme.md in Resources */,
				3F6806A029CBBAF200B4F915 /* Assets.xcassets in Resources */,
			);
			runOnlyForDeploymentPostprocessing = 0;
		};
		3F6806A729CBBAF200B4F915 /* Resources */ = {
			isa = PBXResourcesBuildPhase;
			buildActionMask = 2147483647;
			files = (
			);
			runOnlyForDeploymentPostprocessing = 0;
		};
		3F6806B129CBBAF200B4F915 /* Resources */ = {
			isa = PBXResourcesBuildPhase;
			buildActionMask = 2147483647;
			files = (
			);
			runOnlyForDeploymentPostprocessing = 0;
		};
/* End PBXResourcesBuildPhase section */

/* Begin PBXShellScriptBuildPhase section */
		3FC8C39529D24CDB0081F015 /* Swiftlint */ = {
			isa = PBXShellScriptBuildPhase;
			alwaysOutOfDate = 1;
			buildActionMask = 2147483647;
			files = (
			);
			inputFileListPaths = (
			);
			inputPaths = (
			);
			name = Swiftlint;
			outputFileListPaths = (
			);
			outputPaths = (
			);
			runOnlyForDeploymentPostprocessing = 0;
			shellPath = /bin/sh;
			shellScript = "export PATH=\"$PATH:/opt/homebrew/bin\"\nif which swiftlint > /dev/null; then\n  swiftlint --fix && swiftlint\nelse\n  echo \"warning: SwiftLint not installed, download from https://github.com/realm/SwiftLint\"\nfi\n";
		};
/* End PBXShellScriptBuildPhase section */

/* Begin PBXSourcesBuildPhase section */
		3F68068F29CBBAF100B4F915 /* Sources */ = {
			isa = PBXSourcesBuildPhase;
			buildActionMask = 2147483647;
			files = (
				0AAF030E2A529FAC00924CE0 /* ScreenFactoryProtocol.swift in Sources */,
				0AAF030A2A529EFA00924CE0 /* StatsPresenterProtocol.swift in Sources */,
				2958DAA02A64FAA0001D4B5A /* CollectionNFTCell.swift in Sources */,
				0AAF02E62A5296AD00924CE0 /* CatalogViewController.swift in Sources */,
				2958DA972A64D4D2001D4B5A /* CatalogueDataProvider.swift in Sources */,
				3FC8C38B29D242E90081F015 /* ProductDetailsTableViewCell.swift in Sources */,
				0AAF02F42A5299BB00924CE0 /* ScreenFactory.swift in Sources */,
				29A196412A5A91DB00B7BAB6 /* UIProgressHUD.swift in Sources */,
				881425112A52C08300AADB89 /* StatUserPage.swift in Sources */,
				2958DAB62A65C4BC001D4B5A /* CollectionDataProvaderProtocol.swift in Sources */,
				2958DAAC2A65C00F001D4B5A /* CollectionDataProvider.swift in Sources */,
				2958DABC2A68E802001D4B5A /* RequestsMap.swift in Sources */,
				29A196472A5B9C9F00B7BAB6 /* CatalogueProtocol.swift in Sources */,
				0AAF02DE2A5291CA00924CE0 /* TabBarController.swift in Sources */,
				0AAF03042A529E7100924CE0 /* CartPresenter.swift in Sources */,
				29A1963B2A5A63CE00B7BAB6 /* CatalogViewCell.swift in Sources */,
				3F478ECF29DB474E00F6D39E /* Colors.swift in Sources */,
				29A196492A5B9E5A00B7BAB6 /* String+Extension.swift in Sources */,
				0AAF02F02A5297F100924CE0 /* ProfilePresenterProtocol.swift in Sources */,
				3F478ED129DB476500F6D39E /* Fonts.swift in Sources */,
				0AAF02E42A52967C00924CE0 /* ProfileViewController.swift in Sources */,
				29A196512A5BDF1400B7BAB6 /* Observation.swift in Sources */,
				881425152A52E5AA00AADB89 /* CurrencyService.swift in Sources */,
				0AAF03062A529E9D00924CE0 /* CartViewProtocol.swift in Sources */,
				8814251A2A52E7B800AADB89 /* NFTModels.swift in Sources */,
				0AAF03082A529EF300924CE0 /* StatsPresenter.swift in Sources */,
				0AAF030C2A529F0900924CE0 /* StatsViewProtocol.swift in Sources */,
				3FC8C39329D246BA0081F015 /* DateFormatters+Presets.swift in Sources */,
				3F68069B29CBBAF100B4F915 /* ProductDetailsTableViewController.swift in Sources */,
				29A1964F2A5BDBD700B7BAB6 /* SetupManager.swift in Sources */,
				0AAF02EE2A5297E300924CE0 /* ProfileViewProtocol.swift in Sources */,
				29A196432A5A945000B7BAB6 /* UICollectionView+Extensions.swift in Sources */,
				2958DAA42A64FD0C001D4B5A /* AuthorViewController.swift in Sources */,
				3F6806D529CBBEC700B4F915 /* NetworkTask.swift in Sources */,
				3F68069729CBBAF100B4F915 /* AppDelegate.swift in Sources */,
				3FC8C39129D2453B0081F015 /* ExampleRequest.swift in Sources */,
				2958DAA22A64FC36001D4B5A /* RatingStackView.swift in Sources */,
				0AAF02EA2A5296DB00924CE0 /* StatsViewController.swift in Sources */,
				29A1963E2A5A6DF500B7BAB6 /* CatalogFactory.swift in Sources */,
				29E5FF692A6B66C60040C318 /* AuthorViewModel.swift in Sources */,
				3F6806D729CBC50A00B4F915 /* CellsReusingUtils.swift in Sources */,
				0AAF02E82A5296C200924CE0 /* CartViewController.swift in Sources */,
				0AAF03022A529E5800924CE0 /* CartPresenterProtocol.swift in Sources */,
				0AAF02EC2A5297AD00924CE0 /* ProfilePresenter.swift in Sources */,
				3F6806D329CBBE9600B4F915 /* NetworkRequest.swift in Sources */,
				2958DAAA2A65B7C7001D4B5A /* CollectionViewModel.swift in Sources */,
				29E5FF672A6B4EC20040C318 /* AlertPresenter.swift in Sources */,
				29A1964B2A5BA3C800B7BAB6 /* Collection.swift in Sources */,
				881425132A52E0B300AADB89 /* Models&Structs.swift in Sources */,
				881425182A52E71E00AADB89 /* Protocols.swift in Sources */,
				8814251C2A52E97500AADB89 /* Config.swift in Sources */,
				29A196452A5A98C000B7BAB6 /* Icons.swift in Sources */,
				3F6806CB29CBBCC700B4F915 /* ExampleNetworkModel.swift in Sources */,
				29A1964D2A5BBC4300B7BAB6 /* CatalogueViewModel.swift in Sources */,
				3F6806D129CBBE6B00B4F915 /* NetworkClient.swift in Sources */,
				2958DAA62A650302001D4B5A /* CollectionViewController.swift in Sources */,
			);
			runOnlyForDeploymentPostprocessing = 0;
		};
		3F6806A529CBBAF200B4F915 /* Sources */ = {
			isa = PBXSourcesBuildPhase;
			buildActionMask = 2147483647;
			files = (
				3F6806AE29CBBAF200B4F915 /* ExampleUnitTests.swift in Sources */,
			);
			runOnlyForDeploymentPostprocessing = 0;
		};
		3F6806AF29CBBAF200B4F915 /* Sources */ = {
			isa = PBXSourcesBuildPhase;
			buildActionMask = 2147483647;
			files = (
				3F6806B829CBBAF200B4F915 /* FakeNFTUITests.swift in Sources */,
			);
			runOnlyForDeploymentPostprocessing = 0;
		};
/* End PBXSourcesBuildPhase section */

/* Begin PBXTargetDependency section */
		3F6806AB29CBBAF200B4F915 /* PBXTargetDependency */ = {
			isa = PBXTargetDependency;
			target = 3F68069229CBBAF100B4F915 /* FakeNFT */;
			targetProxy = 3F6806AA29CBBAF200B4F915 /* PBXContainerItemProxy */;
		};
		3F6806B529CBBAF200B4F915 /* PBXTargetDependency */ = {
			isa = PBXTargetDependency;
			target = 3F68069229CBBAF100B4F915 /* FakeNFT */;
			targetProxy = 3F6806B429CBBAF200B4F915 /* PBXContainerItemProxy */;
		};
/* End PBXTargetDependency section */

/* Begin PBXVariantGroup section */
		3F6806A129CBBAF200B4F915 /* LaunchScreen.storyboard */ = {
			isa = PBXVariantGroup;
			children = (
				3F6806A229CBBAF200B4F915 /* Base */,
			);
			name = LaunchScreen.storyboard;
			sourceTree = "<group>";
		};
/* End PBXVariantGroup section */

/* Begin XCBuildConfiguration section */
		3F6806BB29CBBAF200B4F915 /* Debug */ = {
			isa = XCBuildConfiguration;
			buildSettings = {
				ALWAYS_SEARCH_USER_PATHS = NO;
				CLANG_ANALYZER_NONNULL = YES;
				CLANG_ANALYZER_NUMBER_OBJECT_CONVERSION = YES_AGGRESSIVE;
				CLANG_CXX_LANGUAGE_STANDARD = "gnu++20";
				CLANG_ENABLE_MODULES = YES;
				CLANG_ENABLE_OBJC_ARC = YES;
				CLANG_ENABLE_OBJC_WEAK = YES;
				CLANG_WARN_BLOCK_CAPTURE_AUTORELEASING = YES;
				CLANG_WARN_BOOL_CONVERSION = YES;
				CLANG_WARN_COMMA = YES;
				CLANG_WARN_CONSTANT_CONVERSION = YES;
				CLANG_WARN_DEPRECATED_OBJC_IMPLEMENTATIONS = YES;
				CLANG_WARN_DIRECT_OBJC_ISA_USAGE = YES_ERROR;
				CLANG_WARN_DOCUMENTATION_COMMENTS = YES;
				CLANG_WARN_EMPTY_BODY = YES;
				CLANG_WARN_ENUM_CONVERSION = YES;
				CLANG_WARN_INFINITE_RECURSION = YES;
				CLANG_WARN_INT_CONVERSION = YES;
				CLANG_WARN_NON_LITERAL_NULL_CONVERSION = YES;
				CLANG_WARN_OBJC_IMPLICIT_RETAIN_SELF = YES;
				CLANG_WARN_OBJC_LITERAL_CONVERSION = YES;
				CLANG_WARN_OBJC_ROOT_CLASS = YES_ERROR;
				CLANG_WARN_QUOTED_INCLUDE_IN_FRAMEWORK_HEADER = YES;
				CLANG_WARN_RANGE_LOOP_ANALYSIS = YES;
				CLANG_WARN_STRICT_PROTOTYPES = YES;
				CLANG_WARN_SUSPICIOUS_MOVE = YES;
				CLANG_WARN_UNGUARDED_AVAILABILITY = YES_AGGRESSIVE;
				CLANG_WARN_UNREACHABLE_CODE = YES;
				CLANG_WARN__DUPLICATE_METHOD_MATCH = YES;
				COPY_PHASE_STRIP = NO;
				DEBUG_INFORMATION_FORMAT = dwarf;
				ENABLE_STRICT_OBJC_MSGSEND = YES;
				ENABLE_TESTABILITY = YES;
				GCC_C_LANGUAGE_STANDARD = gnu11;
				GCC_DYNAMIC_NO_PIC = NO;
				GCC_NO_COMMON_BLOCKS = YES;
				GCC_OPTIMIZATION_LEVEL = 0;
				GCC_PREPROCESSOR_DEFINITIONS = (
					"DEBUG=1",
					"$(inherited)",
				);
				GCC_WARN_64_TO_32_BIT_CONVERSION = YES;
				GCC_WARN_ABOUT_RETURN_TYPE = YES_ERROR;
				GCC_WARN_UNDECLARED_SELECTOR = YES;
				GCC_WARN_UNINITIALIZED_AUTOS = YES_AGGRESSIVE;
				GCC_WARN_UNUSED_FUNCTION = YES;
				GCC_WARN_UNUSED_VARIABLE = YES;
				IPHONEOS_DEPLOYMENT_TARGET = 13.0;
				MTL_ENABLE_DEBUG_INFO = INCLUDE_SOURCE;
				MTL_FAST_MATH = YES;
				ONLY_ACTIVE_ARCH = YES;
				SDKROOT = iphoneos;
				SWIFT_ACTIVE_COMPILATION_CONDITIONS = DEBUG;
				SWIFT_OPTIMIZATION_LEVEL = "-Onone";
			};
			name = Debug;
		};
		3F6806BC29CBBAF200B4F915 /* Release */ = {
			isa = XCBuildConfiguration;
			buildSettings = {
				ALWAYS_SEARCH_USER_PATHS = NO;
				CLANG_ANALYZER_NONNULL = YES;
				CLANG_ANALYZER_NUMBER_OBJECT_CONVERSION = YES_AGGRESSIVE;
				CLANG_CXX_LANGUAGE_STANDARD = "gnu++20";
				CLANG_ENABLE_MODULES = YES;
				CLANG_ENABLE_OBJC_ARC = YES;
				CLANG_ENABLE_OBJC_WEAK = YES;
				CLANG_WARN_BLOCK_CAPTURE_AUTORELEASING = YES;
				CLANG_WARN_BOOL_CONVERSION = YES;
				CLANG_WARN_COMMA = YES;
				CLANG_WARN_CONSTANT_CONVERSION = YES;
				CLANG_WARN_DEPRECATED_OBJC_IMPLEMENTATIONS = YES;
				CLANG_WARN_DIRECT_OBJC_ISA_USAGE = YES_ERROR;
				CLANG_WARN_DOCUMENTATION_COMMENTS = YES;
				CLANG_WARN_EMPTY_BODY = YES;
				CLANG_WARN_ENUM_CONVERSION = YES;
				CLANG_WARN_INFINITE_RECURSION = YES;
				CLANG_WARN_INT_CONVERSION = YES;
				CLANG_WARN_NON_LITERAL_NULL_CONVERSION = YES;
				CLANG_WARN_OBJC_IMPLICIT_RETAIN_SELF = YES;
				CLANG_WARN_OBJC_LITERAL_CONVERSION = YES;
				CLANG_WARN_OBJC_ROOT_CLASS = YES_ERROR;
				CLANG_WARN_QUOTED_INCLUDE_IN_FRAMEWORK_HEADER = YES;
				CLANG_WARN_RANGE_LOOP_ANALYSIS = YES;
				CLANG_WARN_STRICT_PROTOTYPES = YES;
				CLANG_WARN_SUSPICIOUS_MOVE = YES;
				CLANG_WARN_UNGUARDED_AVAILABILITY = YES_AGGRESSIVE;
				CLANG_WARN_UNREACHABLE_CODE = YES;
				CLANG_WARN__DUPLICATE_METHOD_MATCH = YES;
				COPY_PHASE_STRIP = NO;
				DEBUG_INFORMATION_FORMAT = "dwarf-with-dsym";
				ENABLE_NS_ASSERTIONS = NO;
				ENABLE_STRICT_OBJC_MSGSEND = YES;
				GCC_C_LANGUAGE_STANDARD = gnu11;
				GCC_NO_COMMON_BLOCKS = YES;
				GCC_WARN_64_TO_32_BIT_CONVERSION = YES;
				GCC_WARN_ABOUT_RETURN_TYPE = YES_ERROR;
				GCC_WARN_UNDECLARED_SELECTOR = YES;
				GCC_WARN_UNINITIALIZED_AUTOS = YES_AGGRESSIVE;
				GCC_WARN_UNUSED_FUNCTION = YES;
				GCC_WARN_UNUSED_VARIABLE = YES;
				IPHONEOS_DEPLOYMENT_TARGET = 13.0;
				MTL_ENABLE_DEBUG_INFO = NO;
				MTL_FAST_MATH = YES;
				SDKROOT = iphoneos;
				SWIFT_COMPILATION_MODE = wholemodule;
				SWIFT_OPTIMIZATION_LEVEL = "-O";
				VALIDATE_PRODUCT = YES;
			};
			name = Release;
		};
		3F6806BE29CBBAF200B4F915 /* Debug */ = {
			isa = XCBuildConfiguration;
			buildSettings = {
				ASSETCATALOG_COMPILER_APPICON_NAME = AppIcon;
				ASSETCATALOG_COMPILER_GLOBAL_ACCENT_COLOR_NAME = AccentColor;
				CODE_SIGN_STYLE = Automatic;
				CURRENT_PROJECT_VERSION = 1;
				DEVELOPMENT_TEAM = "";
				GENERATE_INFOPLIST_FILE = YES;
				INFOPLIST_FILE = "FakeNFT/Supporting Files/Info.plist";
				INFOPLIST_KEY_UIApplicationSupportsIndirectInputEvents = YES;
				INFOPLIST_KEY_UILaunchStoryboardName = LaunchScreen;
				INFOPLIST_KEY_UISupportedInterfaceOrientations = UIInterfaceOrientationPortrait;
				IPHONEOS_DEPLOYMENT_TARGET = 13.0;
				LD_RUNPATH_SEARCH_PATHS = (
					"$(inherited)",
					"@executable_path/Frameworks",
				);
				MARKETING_VERSION = 1.0;
				PRODUCT_BUNDLE_IDENTIFIER = com.practicum.FakeNFT;
				PRODUCT_NAME = "$(TARGET_NAME)";
				SUPPORTED_PLATFORMS = "iphoneos iphonesimulator";
				SUPPORTS_MACCATALYST = NO;
				SUPPORTS_MAC_DESIGNED_FOR_IPHONE_IPAD = NO;
				SWIFT_EMIT_LOC_STRINGS = YES;
				SWIFT_VERSION = 5.0;
				TARGETED_DEVICE_FAMILY = 1;
			};
			name = Debug;
		};
		3F6806BF29CBBAF200B4F915 /* Release */ = {
			isa = XCBuildConfiguration;
			buildSettings = {
				ASSETCATALOG_COMPILER_APPICON_NAME = AppIcon;
				ASSETCATALOG_COMPILER_GLOBAL_ACCENT_COLOR_NAME = AccentColor;
				CODE_SIGN_STYLE = Automatic;
				CURRENT_PROJECT_VERSION = 1;
				DEVELOPMENT_TEAM = "";
				GENERATE_INFOPLIST_FILE = YES;
				INFOPLIST_FILE = "FakeNFT/Supporting Files/Info.plist";
				INFOPLIST_KEY_UIApplicationSupportsIndirectInputEvents = YES;
				INFOPLIST_KEY_UILaunchStoryboardName = LaunchScreen;
				INFOPLIST_KEY_UISupportedInterfaceOrientations = UIInterfaceOrientationPortrait;
				IPHONEOS_DEPLOYMENT_TARGET = 13.0;
				LD_RUNPATH_SEARCH_PATHS = (
					"$(inherited)",
					"@executable_path/Frameworks",
				);
				MARKETING_VERSION = 1.0;
				PRODUCT_BUNDLE_IDENTIFIER = com.practicum.FakeNFT;
				PRODUCT_NAME = "$(TARGET_NAME)";
				SUPPORTED_PLATFORMS = "iphoneos iphonesimulator";
				SUPPORTS_MACCATALYST = NO;
				SUPPORTS_MAC_DESIGNED_FOR_IPHONE_IPAD = NO;
				SWIFT_EMIT_LOC_STRINGS = YES;
				SWIFT_VERSION = 5.0;
				TARGETED_DEVICE_FAMILY = 1;
			};
			name = Release;
		};
		3F6806C129CBBAF200B4F915 /* Debug */ = {
			isa = XCBuildConfiguration;
			buildSettings = {
				ALWAYS_EMBED_SWIFT_STANDARD_LIBRARIES = YES;
				BUNDLE_LOADER = "$(TEST_HOST)";
				CODE_SIGN_STYLE = Automatic;
				CURRENT_PROJECT_VERSION = 1;
				GENERATE_INFOPLIST_FILE = YES;
				IPHONEOS_DEPLOYMENT_TARGET = 16.2;
				MARKETING_VERSION = 1.0;
				PRODUCT_BUNDLE_IDENTIFIER = com.practicum.FakeNFTTests;
				PRODUCT_NAME = "$(TARGET_NAME)";
				SWIFT_EMIT_LOC_STRINGS = NO;
				SWIFT_VERSION = 5.0;
				TARGETED_DEVICE_FAMILY = "1,2";
				TEST_HOST = "$(BUILT_PRODUCTS_DIR)/FakeNFT.app/$(BUNDLE_EXECUTABLE_FOLDER_PATH)/FakeNFT";
			};
			name = Debug;
		};
		3F6806C229CBBAF200B4F915 /* Release */ = {
			isa = XCBuildConfiguration;
			buildSettings = {
				ALWAYS_EMBED_SWIFT_STANDARD_LIBRARIES = YES;
				BUNDLE_LOADER = "$(TEST_HOST)";
				CODE_SIGN_STYLE = Automatic;
				CURRENT_PROJECT_VERSION = 1;
				GENERATE_INFOPLIST_FILE = YES;
				IPHONEOS_DEPLOYMENT_TARGET = 16.2;
				MARKETING_VERSION = 1.0;
				PRODUCT_BUNDLE_IDENTIFIER = com.practicum.FakeNFTTests;
				PRODUCT_NAME = "$(TARGET_NAME)";
				SWIFT_EMIT_LOC_STRINGS = NO;
				SWIFT_VERSION = 5.0;
				TARGETED_DEVICE_FAMILY = "1,2";
				TEST_HOST = "$(BUILT_PRODUCTS_DIR)/FakeNFT.app/$(BUNDLE_EXECUTABLE_FOLDER_PATH)/FakeNFT";
			};
			name = Release;
		};
		3F6806C429CBBAF200B4F915 /* Debug */ = {
			isa = XCBuildConfiguration;
			buildSettings = {
				ALWAYS_EMBED_SWIFT_STANDARD_LIBRARIES = YES;
				CODE_SIGN_STYLE = Automatic;
				CURRENT_PROJECT_VERSION = 1;
				GENERATE_INFOPLIST_FILE = YES;
				MARKETING_VERSION = 1.0;
				PRODUCT_BUNDLE_IDENTIFIER = com.practicum.FakeNFTUITests;
				PRODUCT_NAME = "$(TARGET_NAME)";
				SWIFT_EMIT_LOC_STRINGS = NO;
				SWIFT_VERSION = 5.0;
				TARGETED_DEVICE_FAMILY = "1,2";
				TEST_TARGET_NAME = FakeNFT;
			};
			name = Debug;
		};
		3F6806C529CBBAF200B4F915 /* Release */ = {
			isa = XCBuildConfiguration;
			buildSettings = {
				ALWAYS_EMBED_SWIFT_STANDARD_LIBRARIES = YES;
				CODE_SIGN_STYLE = Automatic;
				CURRENT_PROJECT_VERSION = 1;
				GENERATE_INFOPLIST_FILE = YES;
				MARKETING_VERSION = 1.0;
				PRODUCT_BUNDLE_IDENTIFIER = com.practicum.FakeNFTUITests;
				PRODUCT_NAME = "$(TARGET_NAME)";
				SWIFT_EMIT_LOC_STRINGS = NO;
				SWIFT_VERSION = 5.0;
				TARGETED_DEVICE_FAMILY = "1,2";
				TEST_TARGET_NAME = FakeNFT;
			};
			name = Release;
		};
/* End XCBuildConfiguration section */

/* Begin XCConfigurationList section */
		3F68068E29CBBAF100B4F915 /* Build configuration list for PBXProject "FakeNFT" */ = {
			isa = XCConfigurationList;
			buildConfigurations = (
				3F6806BB29CBBAF200B4F915 /* Debug */,
				3F6806BC29CBBAF200B4F915 /* Release */,
			);
			defaultConfigurationIsVisible = 0;
			defaultConfigurationName = Release;
		};
		3F6806BD29CBBAF200B4F915 /* Build configuration list for PBXNativeTarget "FakeNFT" */ = {
			isa = XCConfigurationList;
			buildConfigurations = (
				3F6806BE29CBBAF200B4F915 /* Debug */,
				3F6806BF29CBBAF200B4F915 /* Release */,
			);
			defaultConfigurationIsVisible = 0;
			defaultConfigurationName = Release;
		};
		3F6806C029CBBAF200B4F915 /* Build configuration list for PBXNativeTarget "FakeNFTTests" */ = {
			isa = XCConfigurationList;
			buildConfigurations = (
				3F6806C129CBBAF200B4F915 /* Debug */,
				3F6806C229CBBAF200B4F915 /* Release */,
			);
			defaultConfigurationIsVisible = 0;
			defaultConfigurationName = Release;
		};
		3F6806C329CBBAF200B4F915 /* Build configuration list for PBXNativeTarget "FakeNFTUITests" */ = {
			isa = XCConfigurationList;
			buildConfigurations = (
				3F6806C429CBBAF200B4F915 /* Debug */,
				3F6806C529CBBAF200B4F915 /* Release */,
			);
			defaultConfigurationIsVisible = 0;
			defaultConfigurationName = Release;
		};
/* End XCConfigurationList section */

/* Begin XCRemoteSwiftPackageReference section */
		3F603CCB29DB4A53000C43D7 /* XCRemoteSwiftPackageReference "ProgressHUD" */ = {
			isa = XCRemoteSwiftPackageReference;
			repositoryURL = "https://github.com/relatedcode/ProgressHUD";
			requirement = {
				kind = upToNextMajorVersion;
				minimumVersion = 13.0.0;
			};
		};
		3F603CCE29DB4A74000C43D7 /* XCRemoteSwiftPackageReference "Kingfisher" */ = {
			isa = XCRemoteSwiftPackageReference;
			repositoryURL = "https://github.com/onevcat/Kingfisher.git";
			requirement = {
				kind = upToNextMajorVersion;
				minimumVersion = 7.0.0;
			};
		};
/* End XCRemoteSwiftPackageReference section */

/* Begin XCSwiftPackageProductDependency section */
		3F603CCC29DB4A53000C43D7 /* ProgressHUD */ = {
			isa = XCSwiftPackageProductDependency;
			package = 3F603CCB29DB4A53000C43D7 /* XCRemoteSwiftPackageReference "ProgressHUD" */;
			productName = ProgressHUD;
		};
		3F603CCF29DB4A74000C43D7 /* Kingfisher */ = {
			isa = XCSwiftPackageProductDependency;
			package = 3F603CCE29DB4A74000C43D7 /* XCRemoteSwiftPackageReference "Kingfisher" */;
			productName = Kingfisher;
		};
/* End XCSwiftPackageProductDependency section */
	};
	rootObject = 3F68068B29CBBAF100B4F915 /* Project object */;
}
